{
  "name": "@sessionbus/omp-native",
  "version": "0.1.0-pre.1",
  "lockfileVersion": 3,
  "requires": true,
  "packages": {
    "": {
      "name": "@sessionbus/omp-native",
      "version": "0.1.0-pre.1",
      "license": "MIT",
      "dependencies": {
        "@sessionbus/kit": "0.5.9"
      }
    },
    "node_modules/@sessionbus/kit": {
      "version": "0.5.9",
      "resolved": "https://registry.npmjs.org/@sessionbus/kit/-/kit-0.5.9.tgz",
      "integrity": "sha512-otC05uCSgqv2wp+sBBr+1n7kA5wZeiATky8FuiGO6sAkoGdR6XVudpu00aU7chnZR6eoZ5Bzoycc1s2gpAsZVw==",
      "license": "MIT"
    }
  }
}
